
Microsoft Visual Studio Solution File, Format Version 12.00
# Visual Studio Version 17
VisualStudioVersion = 17.6.33723.286
MinimumVisualStudioVersion = 10.0.40219.1
Project("{9A19103F-16F7-4668-BE54-9A1E7A4F7556}") = "SortingArray", "SortingArray\SortingArray.csproj", "{52146555-592D-45DF-B86D-37F79F4AB82B}"
EndProject
Project("{9A19103F-16F7-4668-BE54-9A1E7A4F7556}") = "UnifyArray", "UnifyArray\UnifyArray.csproj", "{D4391991-BCDC-48A4-A4C0-C0A377B6EFB0}"
EndProject
Project("{9A19103F-16F7-4668-BE54-9A1E7A4F7556}") = "SortArrayAscDesc", "SortArrayAscDesc\SortArrayAscDesc.csproj", "{46C31B56-E1A0-4D73-9057-265387DEBD4B}"
EndProject
Project("{FAE04EC0-301F-11D3-BF4B-00C04F79EFBC}") = "LongestIncrease", "LongestIncrease\LongestIncrease.csproj", "{9053CD8E-D075-42AD-AE85-40A16EC3A454}"
EndProject
Project("{FAE04EC0-301F-11D3-BF4B-00C04F79EFBC}") = "MatrixDeterminate", "MatrixDeterminate\MatrixDeterminate.csproj", "{19C3C391-3924-4494-8AA7-CE49D6D9B873}"
EndProject
Project("{FAE04EC0-301F-11D3-BF4B-00C04F79EFBC}") = "TwoMatrix", "TwoMatrix\TwoMatrix.csproj", "{1340FD7B-2255-45A2-BDFC-48E86E4622C4}"
EndProject
Global
	GlobalSection(SolutionConfigurationPlatforms) = preSolution
		Debug|Any CPU = Debug|Any CPU
		Release|Any CPU = Release|Any CPU
	EndGlobalSection
	GlobalSection(ProjectConfigurationPlatforms) = postSolution
		{52146555-592D-45DF-B86D-37F79F4AB82B}.Debug|Any CPU.ActiveCfg = Debug|Any CPU
		{52146555-592D-45DF-B86D-37F79F4AB82B}.Debug|Any CPU.Build.0 = Debug|Any CPU
		{52146555-592D-45DF-B86D-37F79F4AB82B}.Release|Any CPU.ActiveCfg = Release|Any CPU
		{52146555-592D-45DF-B86D-37F79F4AB82B}.Release|Any CPU.Build.0 = Release|Any CPU
		{D4391991-BCDC-48A4-A4C0-C0A377B6EFB0}.Debug|Any CPU.ActiveCfg = Debug|Any CPU
		{D4391991-BCDC-48A4-A4C0-C0A377B6EFB0}.Debug|Any CPU.Build.0 = Debug|Any CPU
		{D4391991-BCDC-48A4-A4C0-C0A377B6EFB0}.Release|Any CPU.ActiveCfg = Release|Any CPU
		{D4391991-BCDC-48A4-A4C0-C0A377B6EFB0}.Release|Any CPU.Build.0 = Release|Any CPU
		{46C31B56-E1A0-4D73-9057-265387DEBD4B}.Debug|Any CPU.ActiveCfg = Debug|Any CPU
		{46C31B56-E1A0-4D73-9057-265387DEBD4B}.Debug|Any CPU.Build.0 = Debug|Any CPU
		{46C31B56-E1A0-4D73-9057-265387DEBD4B}.Release|Any CPU.ActiveCfg = Release|Any CPU
		{46C31B56-E1A0-4D73-9057-265387DEBD4B}.Release|Any CPU.Build.0 = Release|Any CPU
		{9053CD8E-D075-42AD-AE85-40A16EC3A454}.Debug|Any CPU.ActiveCfg = Debug|Any CPU
		{9053CD8E-D075-42AD-AE85-40A16EC3A454}.Debug|Any CPU.Build.0 = Debug|Any CPU
		{9053CD8E-D075-42AD-AE85-40A16EC3A454}.Release|Any CPU.ActiveCfg = Release|Any CPU
		{9053CD8E-D075-42AD-AE85-40A16EC3A454}.Release|Any CPU.Build.0 = Release|Any CPU
		{19C3C391-3924-4494-8AA7-CE49D6D9B873}.Debug|Any CPU.ActiveCfg = Debug|Any CPU
		{19C3C391-3924-4494-8AA7-CE49D6D9B873}.Debug|Any CPU.Build.0 = Debug|Any CPU
		{19C3C391-3924-4494-8AA7-CE49D6D9B873}.Release|Any CPU.ActiveCfg = Release|Any CPU
		{19C3C391-3924-4494-8AA7-CE49D6D9B873}.Release|Any CPU.Build.0 = Release|Any CPU
		{1340FD7B-2255-45A2-BDFC-48E86E4622C4}.Debug|Any CPU.ActiveCfg = Debug|Any CPU
		{1340FD7B-2255-45A2-BDFC-48E86E4622C4}.Debug|Any CPU.Build.0 = Debug|Any CPU
		{1340FD7B-2255-45A2-BDFC-48E86E4622C4}.Release|Any CPU.ActiveCfg = Release|Any CPU
		{1340FD7B-2255-45A2-BDFC-48E86E4622C4}.Release|Any CPU.Build.0 = Release|Any CPU
	EndGlobalSection
	GlobalSection(SolutionProperties) = preSolution
		HideSolutionNode = FALSE
	EndGlobalSection
	GlobalSection(ExtensibilityGlobals) = postSolution
		SolutionGuid = {D97D459D-9717-4198-ABFF-D56F207BB0F8}
	EndGlobalSection
EndGlobal
